
Microsoft Visual Studio Solution File, Format Version 12.00
# Visual Studio Version 17
VisualStudioVersion = 17.0.31903.59
MinimumVisualStudioVersion = 10.0.40219.1
Project("{FAE04EC0-301F-11D3-BF4B-00C04F79EFBC}") = "Blog.API", "Blog.API\Blog.API.csproj", "{DFDF9A02-547A-482C-AFF0-54E6AC2595DD}"
EndProject
Project("{FAE04EC0-301F-11D3-BF4B-00C04F79EFBC}") = "Blog.Core", "Blog.Core\Blog.Core.csproj", "{1756C6C7-DFF6-4219-94D8-386205E7B5B1}"
EndProject
Project("{FAE04EC0-301F-11D3-BF4B-00C04F79EFBC}") = "Blog.Infrastructure", "Blog.Infrastructure\Blog.Infrastructure.csproj", "{D7DA5E57-BD97-45FA-A2F2-6E6BF7AE9446}"
EndProject
Global
	GlobalSection(SolutionConfigurationPlatforms) = preSolution
		Debug|Any CPU = Debug|Any CPU
		Debug|x64 = Debug|x64
		Debug|x86 = Debug|x86
		Release|Any CPU = Release|Any CPU
		Release|x64 = Release|x64
		Release|x86 = Release|x86
	EndGlobalSection
	GlobalSection(ProjectConfigurationPlatforms) = postSolution
		{DFDF9A02-547A-482C-AFF0-54E6AC2595DD}.Debug|Any CPU.ActiveCfg = Debug|Any CPU
		{DFDF9A02-547A-482C-AFF0-54E6AC2595DD}.Debug|Any CPU.Build.0 = Debug|Any CPU
		{DFDF9A02-547A-482C-AFF0-54E6AC2595DD}.Debug|x64.ActiveCfg = Debug|Any CPU
		{DFDF9A02-547A-482C-AFF0-54E6AC2595DD}.Debug|x64.Build.0 = Debug|Any CPU
		{DFDF9A02-547A-482C-AFF0-54E6AC2595DD}.Debug|x86.ActiveCfg = Debug|Any CPU
		{DFDF9A02-547A-482C-AFF0-54E6AC2595DD}.Debug|x86.Build.0 = Debug|Any CPU
		{DFDF9A02-547A-482C-AFF0-54E6AC2595DD}.Release|Any CPU.ActiveCfg = Release|Any CPU
		{DFDF9A02-547A-482C-AFF0-54E6AC2595DD}.Release|Any CPU.Build.0 = Release|Any CPU
		{DFDF9A02-547A-482C-AFF0-54E6AC2595DD}.Release|x64.ActiveCfg = Release|Any CPU
		{DFDF9A02-547A-482C-AFF0-54E6AC2595DD}.Release|x64.Build.0 = Release|Any CPU
		{DFDF9A02-547A-482C-AFF0-54E6AC2595DD}.Release|x86.ActiveCfg = Release|Any CPU
		{DFDF9A02-547A-482C-AFF0-54E6AC2595DD}.Release|x86.Build.0 = Release|Any CPU
		{1756C6C7-DFF6-4219-94D8-386205E7B5B1}.Debug|Any CPU.ActiveCfg = Debug|Any CPU
		{1756C6C7-DFF6-4219-94D8-386205E7B5B1}.Debug|Any CPU.Build.0 = Debug|Any CPU
		{1756C6C7-DFF6-4219-94D8-386205E7B5B1}.Debug|x64.ActiveCfg = Debug|Any CPU
		{1756C6C7-DFF6-4219-94D8-386205E7B5B1}.Debug|x64.Build.0 = Debug|Any CPU
		{1756C6C7-DFF6-4219-94D8-386205E7B5B1}.Debug|x86.ActiveCfg = Debug|Any CPU
		{1756C6C7-DFF6-4219-94D8-386205E7B5B1}.Debug|x86.Build.0 = Debug|Any CPU
		{1756C6C7-DFF6-4219-94D8-386205E7B5B1}.Release|Any CPU.ActiveCfg = Release|Any CPU
		{1756C6C7-DFF6-4219-94D8-386205E7B5B1}.Release|Any CPU.Build.0 = Release|Any CPU
		{1756C6C7-DFF6-4219-94D8-386205E7B5B1}.Release|x64.ActiveCfg = Release|Any CPU
		{1756C6C7-DFF6-4219-94D8-386205E7B5B1}.Release|x64.Build.0 = Release|Any CPU
		{1756C6C7-DFF6-4219-94D8-386205E7B5B1}.Release|x86.ActiveCfg = Release|Any CPU
		{1756C6C7-DFF6-4219-94D8-386205E7B5B1}.Release|x86.Build.0 = Release|Any CPU
		{D7DA5E57-BD97-45FA-A2F2-6E6BF7AE9446}.Debug|Any CPU.ActiveCfg = Debug|Any CPU
		{D7DA5E57-BD97-45FA-A2F2-6E6BF7AE9446}.Debug|Any CPU.Build.0 = Debug|Any CPU
		{D7DA5E57-BD97-45FA-A2F2-6E6BF7AE9446}.Debug|x64.ActiveCfg = Debug|Any CPU
		{D7DA5E57-BD97-45FA-A2F2-6E6BF7AE9446}.Debug|x64.Build.0 = Debug|Any CPU
		{D7DA5E57-BD97-45FA-A2F2-6E6BF7AE9446}.Debug|x86.ActiveCfg = Debug|Any CPU
		{D7DA5E57-BD97-45FA-A2F2-6E6BF7AE9446}.Debug|x86.Build.0 = Debug|Any CPU
		{D7DA5E57-BD97-45FA-A2F2-6E6BF7AE9446}.Release|Any CPU.ActiveCfg = Release|Any CPU
		{D7DA5E57-BD97-45FA-A2F2-6E6BF7AE9446}.Release|Any CPU.Build.0 = Release|Any CPU
		{D7DA5E57-BD97-45FA-A2F2-6E6BF7AE9446}.Release|x64.ActiveCfg = Release|Any CPU
		{D7DA5E57-BD97-45FA-A2F2-6E6BF7AE9446}.Release|x64.Build.0 = Release|Any CPU
		{D7DA5E57-BD97-45FA-A2F2-6E6BF7AE9446}.Release|x86.ActiveCfg = Release|Any CPU
		{D7DA5E57-BD97-45FA-A2F2-6E6BF7AE9446}.Release|x86.Build.0 = Release|Any CPU
	EndGlobalSection
	GlobalSection(SolutionProperties) = preSolution
		HideSolutionNode = FALSE
	EndGlobalSection
EndGlobal
